
Microsoft Visual Studio Solution File, Format Version 12.00
# Visual Studio 2017
Project("{FAE04EC0-301F-11D3-BF4B-00C04F79EFBC}") = "Locust", "Locust.csproj", "{7FE8C876-4B21-9162-D753-2AA55EDD7DAA}"
EndProject
Project("{FAE04EC0-301F-11D3-BF4B-00C04F79EFBC}") = "Locust.Plugins", "Locust.Plugins.csproj", "{AC21EAAA-4BF5-F431-5428-D52DCE257D3D}"
EndProject
Project("{FAE04EC0-301F-11D3-BF4B-00C04F79EFBC}") = "Locust.Editor.Plugins", "Locust.Editor.Plugins.csproj", "{6CB8759C-5DFA-9036-70FF-9F203AD3BDE9}"
EndProject
Global
	GlobalSection(SolutionConfigurationPlatforms) = preSolution
		Debug|Any CPU = Debug|Any CPU
		Release|Any CPU = Release|Any CPU
	EndGlobalSection
	GlobalSection(ProjectConfigurationPlatforms) = postSolution
		{7FE8C876-4B21-9162-D753-2AA55EDD7DAA}.Debug|Any CPU.ActiveCfg = Debug|Any CPU
		{7FE8C876-4B21-9162-D753-2AA55EDD7DAA}.Debug|Any CPU.Build.0 = Debug|Any CPU
		{7FE8C876-4B21-9162-D753-2AA55EDD7DAA}.Release|Any CPU.ActiveCfg = Release|Any CPU
		{7FE8C876-4B21-9162-D753-2AA55EDD7DAA}.Release|Any CPU.Build.0 = Release|Any CPU
		{AC21EAAA-4BF5-F431-5428-D52DCE257D3D}.Debug|Any CPU.ActiveCfg = Debug|Any CPU
		{AC21EAAA-4BF5-F431-5428-D52DCE257D3D}.Debug|Any CPU.Build.0 = Debug|Any CPU
		{AC21EAAA-4BF5-F431-5428-D52DCE257D3D}.Release|Any CPU.ActiveCfg = Release|Any CPU
		{AC21EAAA-4BF5-F431-5428-D52DCE257D3D}.Release|Any CPU.Build.0 = Release|Any CPU
		{6CB8759C-5DFA-9036-70FF-9F203AD3BDE9}.Debug|Any CPU.ActiveCfg = Debug|Any CPU
		{6CB8759C-5DFA-9036-70FF-9F203AD3BDE9}.Debug|Any CPU.Build.0 = Debug|Any CPU
		{6CB8759C-5DFA-9036-70FF-9F203AD3BDE9}.Release|Any CPU.ActiveCfg = Release|Any CPU
		{6CB8759C-5DFA-9036-70FF-9F203AD3BDE9}.Release|Any CPU.Build.0 = Release|Any CPU
	EndGlobalSection
	GlobalSection(SolutionProperties) = preSolution
		HideSolutionNode = FALSE
	EndGlobalSection
EndGlobal
